// !$*UTF8*$!
{
	archiveVersion = 1;
	classes = {
	};
	objectVersion = 56;
	objects = {

/* Begin PBXBuildFile section */
		13A73EB62CA6025400E00D03 /* AppDelegate.swift in Sources */ = {isa = PBXBuildFile; fileRef = 13A73EB52CA6025400E00D03 /* AppDelegate.swift */; };
		13A73EB82CA6025400E00D03 /* SceneDelegate.swift in Sources */ = {isa = PBXBuildFile; fileRef = 13A73EB72CA6025400E00D03 /* SceneDelegate.swift */; };
		13A73EBA2CA6025400E00D03 /* ViewController.swift in Sources */ = {isa = PBXBuildFile; fileRef = 13A73EB92CA6025400E00D03 /* ViewController.swift */; };
		13A73EBD2CA6025400E00D03 /* Base in Resources */ = {isa = PBXBuildFile; fileRef = 13A73EBC2CA6025400E00D03 /* Base */; };
		13A73EC02CA6025400E00D03 /* banquemisr_challenge05.xcdatamodeld in Sources */ = {isa = PBXBuildFile; fileRef = 13A73EBE2CA6025400E00D03 /* banquemisr_challenge05.xcdatamodeld */; };
		13A73EC22CA6025700E00D03 /* Assets.xcassets in Resources */ = {isa = PBXBuildFile; fileRef = 13A73EC12CA6025700E00D03 /* Assets.xcassets */; };
		13A73EC52CA6025700E00D03 /* Base in Resources */ = {isa = PBXBuildFile; fileRef = 13A73EC42CA6025700E00D03 /* Base */; };
		13A73ED02CA6025700E00D03 /* banquemisr_challenge05Tests.swift in Sources */ = {isa = PBXBuildFile; fileRef = 13A73ECF2CA6025700E00D03 /* banquemisr_challenge05Tests.swift */; };
		13A73EDA2CA6025700E00D03 /* banquemisr_challenge05UITests.swift in Sources */ = {isa = PBXBuildFile; fileRef = 13A73ED92CA6025700E00D03 /* banquemisr_challenge05UITests.swift */; };
		13A73EDC2CA6025700E00D03 /* banquemisr_challenge05UITestsLaunchTests.swift in Sources */ = {isa = PBXBuildFile; fileRef = 13A73EDB2CA6025700E00D03 /* banquemisr_challenge05UITestsLaunchTests.swift */; };
/* End PBXBuildFile section */

/* Begin PBXContainerItemProxy section */
		13A73ECC2CA6025700E00D03 /* PBXContainerItemProxy */ = {
			isa = PBXContainerItemProxy;
			containerPortal = 13A73EAA2CA6025400E00D03 /* Project object */;
			proxyType = 1;
			remoteGlobalIDString = 13A73EB12CA6025400E00D03;
			remoteInfo = banquemisr.challenge05;
		};
		13A73ED62CA6025700E00D03 /* PBXContainerItemProxy */ = {
			isa = PBXContainerItemProxy;
			containerPortal = 13A73EAA2CA6025400E00D03 /* Project object */;
			proxyType = 1;
			remoteGlobalIDString = 13A73EB12CA6025400E00D03;
			remoteInfo = banquemisr.challenge05;
		};
/* End PBXContainerItemProxy section */

/* Begin PBXFileReference section */
		13A73EB22CA6025400E00D03 /* banquemisr.challenge05.app */ = {isa = PBXFileReference; explicitFileType = wrapper.application; includeInIndex = 0; path = banquemisr.challenge05.app; sourceTree = BUILT_PRODUCTS_DIR; };
		13A73EB52CA6025400E00D03 /* AppDelegate.swift */ = {isa = PBXFileReference; lastKnownFileType = sourcecode.swift; path = AppDelegate.swift; sourceTree = "<group>"; };
		13A73EB72CA6025400E00D03 /* SceneDelegate.swift */ = {isa = PBXFileReference; lastKnownFileType = sourcecode.swift; path = SceneDelegate.swift; sourceTree = "<group>"; };
		13A73EB92CA6025400E00D03 /* ViewController.swift */ = {isa = PBXFileReference; lastKnownFileType = sourcecode.swift; path = ViewController.swift; sourceTree = "<group>"; };
		13A73EBC2CA6025400E00D03 /* Base */ = {isa = PBXFileReference; lastKnownFileType = file.storyboard; name = Base; path = Base.lproj/Main.storyboard; sourceTree = "<group>"; };
		13A73EBF2CA6025400E00D03 /* banquemisr_challenge05.xcdatamodel */ = {isa = PBXFileReference; lastKnownFileType = wrapper.xcdatamodel; path = banquemisr_challenge05.xcdatamodel; sourceTree = "<group>"; };
		13A73EC12CA6025700E00D03 /* Assets.xcassets */ = {isa = PBXFileReference; lastKnownFileType = folder.assetcatalog; path = Assets.xcassets; sourceTree = "<group>"; };
		13A73EC42CA6025700E00D03 /* Base */ = {isa = PBXFileReference; lastKnownFileType = file.storyboard; name = Base; path = Base.lproj/LaunchScreen.storyboard; sourceTree = "<group>"; };
		13A73EC62CA6025700E00D03 /* Info.plist */ = {isa = PBXFileReference; lastKnownFileType = text.plist.xml; path = Info.plist; sourceTree = "<group>"; };
		13A73ECB2CA6025700E00D03 /* banquemisr.challenge05Tests.xctest */ = {isa = PBXFileReference; explicitFileType = wrapper.cfbundle; includeInIndex = 0; path = banquemisr.challenge05Tests.xctest; sourceTree = BUILT_PRODUCTS_DIR; };
		13A73ECF2CA6025700E00D03 /* banquemisr_challenge05Tests.swift */ = {isa = PBXFileReference; lastKnownFileType = sourcecode.swift; path = banquemisr_challenge05Tests.swift; sourceTree = "<group>"; };
		13A73ED52CA6025700E00D03 /* banquemisr.challenge05UITests.xctest */ = {isa = PBXFileReference; explicitFileType = wrapper.cfbundle; includeInIndex = 0; path = banquemisr.challenge05UITests.xctest; sourceTree = BUILT_PRODUCTS_DIR; };
		13A73ED92CA6025700E00D03 /* banquemisr_challenge05UITests.swift */ = {isa = PBXFileReference; lastKnownFileType = sourcecode.swift; path = banquemisr_challenge05UITests.swift; sourceTree = "<group>"; };
		13A73EDB2CA6025700E00D03 /* banquemisr_challenge05UITestsLaunchTests.swift */ = {isa = PBXFileReference; lastKnownFileType = sourcecode.swift; path = banquemisr_challenge05UITestsLaunchTests.swift; sourceTree = "<group>"; };
/* End PBXFileReference section */

/* Begin PBXFrameworksBuildPhase section */
		13A73EAF2CA6025400E00D03 /* Frameworks */ = {
			isa = PBXFrameworksBuildPhase;
			buildActionMask = 2147483647;
			files = (
			);
			runOnlyForDeploymentPostprocessing = 0;
		};
		13A73EC82CA6025700E00D03 /* Frameworks */ = {
			isa = PBXFrameworksBuildPhase;
			buildActionMask = 2147483647;
			files = (
			);
			runOnlyForDeploymentPostprocessing = 0;
		};
		13A73ED22CA6025700E00D03 /* Frameworks */ = {
			isa = PBXFrameworksBuildPhase;
			buildActionMask = 2147483647;
			files = (
			);
			runOnlyForDeploymentPostprocessing = 0;
		};
/* End PBXFrameworksBuildPhase section */

/* Begin PBXGroup section */
		13A73EA92CA6025400E00D03 = {
			isa = PBXGroup;
			children = (
				13A73EB42CA6025400E00D03 /* banquemisr.challenge05 */,
				13A73ECE2CA6025700E00D03 /* banquemisr.challenge05Tests */,
				13A73ED82CA6025700E00D03 /* banquemisr.challenge05UITests */,
				13A73EB32CA6025400E00D03 /* Products */,
			);
			sourceTree = "<group>";
		};
		13A73EB32CA6025400E00D03 /* Products */ = {
			isa = PBXGroup;
			children = (
				13A73EB22CA6025400E00D03 /* banquemisr.challenge05.app */,
				13A73ECB2CA6025700E00D03 /* banquemisr.challenge05Tests.xctest */,
				13A73ED52CA6025700E00D03 /* banquemisr.challenge05UITests.xctest */,
			);
			name = Products;
			sourceTree = "<group>";
		};
		13A73EB42CA6025400E00D03 /* banquemisr.challenge05 */ = {
			isa = PBXGroup;
			children = (
				13A73EB52CA6025400E00D03 /* AppDelegate.swift */,
				13A73EB72CA6025400E00D03 /* SceneDelegate.swift */,
				13A73EB92CA6025400E00D03 /* ViewController.swift */,
				13A73EBB2CA6025400E00D03 /* Main.storyboard */,
				13A73EC12CA6025700E00D03 /* Assets.xcassets */,
				13A73EC32CA6025700E00D03 /* LaunchScreen.storyboard */,
				13A73EC62CA6025700E00D03 /* Info.plist */,
				13A73EBE2CA6025400E00D03 /* banquemisr_challenge05.xcdatamodeld */,
			);
			path = banquemisr.challenge05;
			sourceTree = "<group>";
		};
		13A73ECE2CA6025700E00D03 /* banquemisr.challenge05Tests */ = {
			isa = PBXGroup;
			children = (
				13A73ECF2CA6025700E00D03 /* banquemisr_challenge05Tests.swift */,
			);
			path = banquemisr.challenge05Tests;
			sourceTree = "<group>";
		};
		13A73ED82CA6025700E00D03 /* banquemisr.challenge05UITests */ = {
			isa = PBXGroup;
			children = (
				13A73ED92CA6025700E00D03 /* banquemisr_challenge05UITests.swift */,
				13A73EDB2CA6025700E00D03 /* banquemisr_challenge05UITestsLaunchTests.swift */,
			);
			path = banquemisr.challenge05UITests;
			sourceTree = "<group>";
		};
/* End PBXGroup section */

/* Begin PBXNativeTarget section */
		13A73EB12CA6025400E00D03 /* banquemisr.challenge05 */ = {
			isa = PBXNativeTarget;
			buildConfigurationList = 13A73EDF2CA6025700E00D03 /* Build configuration list for PBXNativeTarget "banquemisr.challenge05" */;
			buildPhases = (
				13A73EAE2CA6025400E00D03 /* Sources */,
				13A73EAF2CA6025400E00D03 /* Frameworks */,
				13A73EB02CA6025400E00D03 /* Resources */,
			);
			buildRules = (
			);
			dependencies = (
			);
			name = banquemisr.challenge05;
			productName = banquemisr.challenge05;
			productReference = 13A73EB22CA6025400E00D03 /* banquemisr.challenge05.app */;
			productType = "com.apple.product-type.application";
		};
		13A73ECA2CA6025700E00D03 /* banquemisr.challenge05Tests */ = {
			isa = PBXNativeTarget;
			buildConfigurationList = 13A73EE22CA6025700E00D03 /* Build configuration list for PBXNativeTarget "banquemisr.challenge05Tests" */;
			buildPhases = (
				13A73EC72CA6025700E00D03 /* Sources */,
				13A73EC82CA6025700E00D03 /* Frameworks */,
				13A73EC92CA6025700E00D03 /* Resources */,
			);
			buildRules = (
			);
			dependencies = (
				13A73ECD2CA6025700E00D03 /* PBXTargetDependency */,
			);
			name = banquemisr.challenge05Tests;
			productName = banquemisr.challenge05Tests;
			productReference = 13A73ECB2CA6025700E00D03 /* banquemisr.challenge05Tests.xctest */;
			productType = "com.apple.product-type.bundle.unit-test";
		};
		13A73ED42CA6025700E00D03 /* banquemisr.challenge05UITests */ = {
			isa = PBXNativeTarget;
			buildConfigurationList = 13A73EE52CA6025700E00D03 /* Build configuration list for PBXNativeTarget "banquemisr.challenge05UITests" */;
			buildPhases = (
				13A73ED12CA6025700E00D03 /* Sources */,
				13A73ED22CA6025700E00D03 /* Frameworks */,
				13A73ED32CA6025700E00D03 /* Resources */,
			);
			buildRules = (
			);
			dependencies = (
				13A73ED72CA6025700E00D03 /* PBXTargetDependency */,
			);
			name = banquemisr.challenge05UITests;
			productName = banquemisr.challenge05UITests;
			productReference = 13A73ED52CA6025700E00D03 /* banquemisr.challenge05UITests.xctest */;
			productType = "com.apple.product-type.bundle.ui-testing";
		};
/* End PBXNativeTarget section */

/* Begin PBXProject section */
		13A73EAA2CA6025400E00D03 /* Project object */ = {
			isa = PBXProject;
			attributes = {
				BuildIndependentTargetsInParallel = 1;
				LastSwiftUpdateCheck = 1540;
				LastUpgradeCheck = 1540;
				TargetAttributes = {
					13A73EB12CA6025400E00D03 = {
						CreatedOnToolsVersion = 15.4;
					};
					13A73ECA2CA6025700E00D03 = {
						CreatedOnToolsVersion = 15.4;
						TestTargetID = 13A73EB12CA6025400E00D03;
					};
					13A73ED42CA6025700E00D03 = {
						CreatedOnToolsVersion = 15.4;
						TestTargetID = 13A73EB12CA6025400E00D03;
					};
				};
			};
			buildConfigurationList = 13A73EAD2CA6025400E00D03 /* Build configuration list for PBXProject "banquemisr.challenge05" */;
			compatibilityVersion = "Xcode 14.0";
			developmentRegion = en;
			hasScannedForEncodings = 0;
			knownRegions = (
				en,
				Base,
			);
			mainGroup = 13A73EA92CA6025400E00D03;
			productRefGroup = 13A73EB32CA6025400E00D03 /* Products */;
			projectDirPath = "";
			projectRoot = "";
			targets = (
				13A73EB12CA6025400E00D03 /* banquemisr.challenge05 */,
				13A73ECA2CA6025700E00D03 /* banquemisr.challenge05Tests */,
				13A73ED42CA6025700E00D03 /* banquemisr.challenge05UITests */,
			);
		};
/* End PBXProject section */

/* Begin PBXResourcesBuildPhase section */
		13A73EB02CA6025400E00D03 /* Resources */ = {
			isa = PBXResourcesBuildPhase;
			buildActionMask = 2147483647;
			files = (
				13A73EC22CA6025700E00D03 /* Assets.xcassets in Resources */,
				13A73EC52CA6025700E00D03 /* Base in Resources */,
				13A73EBD2CA6025400E00D03 /* Base in Resources */,
			);
			runOnlyForDeploymentPostprocessing = 0;
		};
		13A73EC92CA6025700E00D03 /* Resources */ = {
			isa = PBXResourcesBuildPhase;
			buildActionMask = 2147483647;
			files = (
			);
			runOnlyForDeploymentPostprocessing = 0;
		};
		13A73ED32CA6025700E00D03 /* Resources */ = {
			isa = PBXResourcesBuildPhase;
			buildActionMask = 2147483647;
			files = (
			);
			runOnlyForDeploymentPostprocessing = 0;
		};
/* End PBXResourcesBuildPhase section */

/* Begin PBXSourcesBuildPhase section */
		13A73EAE2CA6025400E00D03 /* Sources */ = {
			isa = PBXSourcesBuildPhase;
			buildActionMask = 2147483647;
			files = (
				13A73EBA2CA6025400E00D03 /* ViewController.swift in Sources */,
				13A73EC02CA6025400E00D03 /* banquemisr_challenge05.xcdatamodeld in Sources */,
				13A73EB62CA6025400E00D03 /* AppDelegate.swift in Sources */,
				13A73EB82CA6025400E00D03 /* SceneDelegate.swift in Sources */,
			);
			runOnlyForDeploymentPostprocessing = 0;
		};
		13A73EC72CA6025700E00D03 /* Sources */ = {
			isa = PBXSourcesBuildPhase;
			buildActionMask = 2147483647;
			files = (
				13A73ED02CA6025700E00D03 /* banquemisr_challenge05Tests.swift in Sources */,
			);
			runOnlyForDeploymentPostprocessing = 0;
		};
		13A73ED12CA6025700E00D03 /* Sources */ = {
			isa = PBXSourcesBuildPhase;
			buildActionMask = 2147483647;
			files = (
				13A73EDC2CA6025700E00D03 /* banquemisr_challenge05UITestsLaunchTests.swift in Sources */,
				13A73EDA2CA6025700E00D03 /* banquemisr_challenge05UITests.swift in Sources */,
			);
			runOnlyForDeploymentPostprocessing = 0;
		};
/* End PBXSourcesBuildPhase section */

/* Begin PBXTargetDependency section */
		13A73ECD2CA6025700E00D03 /* PBXTargetDependency */ = {
			isa = PBXTargetDependency;
			target = 13A73EB12CA6025400E00D03 /* banquemisr.challenge05 */;
			targetProxy = 13A73ECC2CA6025700E00D03 /* PBXContainerItemProxy */;
		};
		13A73ED72CA6025700E00D03 /* PBXTargetDependency */ = {
			isa = PBXTargetDependency;
			target = 13A73EB12CA6025400E00D03 /* banquemisr.challenge05 */;
			targetProxy = 13A73ED62CA6025700E00D03 /* PBXContainerItemProxy */;
		};
/* End PBXTargetDependency section */

/* Begin PBXVariantGroup section */
		13A73EBB2CA6025400E00D03 /* Main.storyboard */ = {
			isa = PBXVariantGroup;
			children = (
				13A73EBC2CA6025400E00D03 /* Base */,
			);
			name = Main.storyboard;
			sourceTree = "<group>";
		};
		13A73EC32CA6025700E00D03 /* LaunchScreen.storyboard */ = {
			isa = PBXVariantGroup;
			children = (
				13A73EC42CA6025700E00D03 /* Base */,
			);
			name = LaunchScreen.storyboard;
			sourceTree = "<group>";
		};
/* End PBXVariantGroup section */

/* Begin XCBuildConfiguration section */
		13A73EDD2CA6025700E00D03 /* Debug */ = {
			isa = XCBuildConfiguration;
			buildSettings = {
				ALWAYS_SEARCH_USER_PATHS = NO;
				ASSETCATALOG_COMPILER_GENERATE_SWIFT_ASSET_SYMBOL_EXTENSIONS = YES;
				CLANG_ANALYZER_NONNULL = YES;
				CLANG_ANALYZER_NUMBER_OBJECT_CONVERSION = YES_AGGRESSIVE;
				CLANG_CXX_LANGUAGE_STANDARD = "gnu++20";
				CLANG_ENABLE_MODULES = YES;
				CLANG_ENABLE_OBJC_ARC = YES;
				CLANG_ENABLE_OBJC_WEAK = YES;
				CLANG_WARN_BLOCK_CAPTURE_AUTORELEASING = YES;
				CLANG_WARN_BOOL_CONVERSION = YES;
				CLANG_WARN_COMMA = YES;
				CLANG_WARN_CONSTANT_CONVERSION = YES;
				CLANG_WARN_DEPRECATED_OBJC_IMPLEMENTATIONS = YES;
				CLANG_WARN_DIRECT_OBJC_ISA_USAGE = YES_ERROR;
				CLANG_WARN_DOCUMENTATION_COMMENTS = YES;
				CLANG_WARN_EMPTY_BODY = YES;
				CLANG_WARN_ENUM_CONVERSION = YES;
				CLANG_WARN_INFINITE_RECURSION = YES;
				CLANG_WARN_INT_CONVERSION = YES;
				CLANG_WARN_NON_LITERAL_NULL_CONVERSION = YES;
				CLANG_WARN_OBJC_IMPLICIT_RETAIN_SELF = YES;
				CLANG_WARN_OBJC_LITERAL_CONVERSION = YES;
				CLANG_WARN_OBJC_ROOT_CLASS = YES_ERROR;
				CLANG_WARN_QUOTED_INCLUDE_IN_FRAMEWORK_HEADER = YES;
				CLANG_WARN_RANGE_LOOP_ANALYSIS = YES;
				CLANG_WARN_STRICT_PROTOTYPES = YES;
				CLANG_WARN_SUSPICIOUS_MOVE = YES;
				CLANG_WARN_UNGUARDED_AVAILABILITY = YES_AGGRESSIVE;
				CLANG_WARN_UNREACHABLE_CODE = YES;
				CLANG_WARN__DUPLICATE_METHOD_MATCH = YES;
				COPY_PHASE_STRIP = NO;
				DEBUG_INFORMATION_FORMAT = dwarf;
				ENABLE_STRICT_OBJC_MSGSEND = YES;
				ENABLE_TESTABILITY = YES;
				ENABLE_USER_SCRIPT_SANDBOXING = YES;
				GCC_C_LANGUAGE_STANDARD = gnu17;
				GCC_DYNAMIC_NO_PIC = NO;
				GCC_NO_COMMON_BLOCKS = YES;
				GCC_OPTIMIZATION_LEVEL = 0;
				GCC_PREPROCESSOR_DEFINITIONS = (
					"DEBUG=1",
					"$(inherited)",
				);
				GCC_WARN_64_TO_32_BIT_CONVERSION = YES;
				GCC_WARN_ABOUT_RETURN_TYPE = YES_ERROR;
				GCC_WARN_UNDECLARED_SELECTOR = YES;
				GCC_WARN_UNINITIALIZED_AUTOS = YES_AGGRESSIVE;
				GCC_WARN_UNUSED_FUNCTION = YES;
				GCC_WARN_UNUSED_VARIABLE = YES;
				IPHONEOS_DEPLOYMENT_TARGET = 17.5;
				LOCALIZATION_PREFERS_STRING_CATALOGS = YES;
				MTL_ENABLE_DEBUG_INFO = INCLUDE_SOURCE;
				MTL_FAST_MATH = YES;
				ONLY_ACTIVE_ARCH = YES;
				SDKROOT = iphoneos;
				SWIFT_ACTIVE_COMPILATION_CONDITIONS = "DEBUG $(inherited)";
				SWIFT_OPTIMIZATION_LEVEL = "-Onone";
			};
			name = Debug;
		};
		13A73EDE2CA6025700E00D03 /* Release */ = {
			isa = XCBuildConfiguration;
			buildSettings = {
				ALWAYS_SEARCH_USER_PATHS = NO;
				ASSETCATALOG_COMPILER_GENERATE_SWIFT_ASSET_SYMBOL_EXTENSIONS = YES;
				CLANG_ANALYZER_NONNULL = YES;
				CLANG_ANALYZER_NUMBER_OBJECT_CONVERSION = YES_AGGRESSIVE;
				CLANG_CXX_LANGUAGE_STANDARD = "gnu++20";
				CLANG_ENABLE_MODULES = YES;
				CLANG_ENABLE_OBJC_ARC = YES;
				CLANG_ENABLE_OBJC_WEAK = YES;
				CLANG_WARN_BLOCK_CAPTURE_AUTORELEASING = YES;
				CLANG_WARN_BOOL_CONVERSION = YES;
				CLANG_WARN_COMMA = YES;
				CLANG_WARN_CONSTANT_CONVERSION = YES;
				CLANG_WARN_DEPRECATED_OBJC_IMPLEMENTATIONS = YES;
				CLANG_WARN_DIRECT_OBJC_ISA_USAGE = YES_ERROR;
				CLANG_WARN_DOCUMENTATION_COMMENTS = YES;
				CLANG_WARN_EMPTY_BODY = YES;
				CLANG_WARN_ENUM_CONVERSION = YES;
				CLANG_WARN_INFINITE_RECURSION = YES;
				CLANG_WARN_INT_CONVERSION = YES;
				CLANG_WARN_NON_LITERAL_NULL_CONVERSION = YES;
				CLANG_WARN_OBJC_IMPLICIT_RETAIN_SELF = YES;
				CLANG_WARN_OBJC_LITERAL_CONVERSION = YES;
				CLANG_WARN_OBJC_ROOT_CLASS = YES_ERROR;
				CLANG_WARN_QUOTED_INCLUDE_IN_FRAMEWORK_HEADER = YES;
				CLANG_WARN_RANGE_LOOP_ANALYSIS = YES;
				CLANG_WARN_STRICT_PROTOTYPES = YES;
				CLANG_WARN_SUSPICIOUS_MOVE = YES;
				CLANG_WARN_UNGUARDED_AVAILABILITY = YES_AGGRESSIVE;
				CLANG_WARN_UNREACHABLE_CODE = YES;
				CLANG_WARN__DUPLICATE_METHOD_MATCH = YES;
				COPY_PHASE_STRIP = NO;
				DEBUG_INFORMATION_FORMAT = "dwarf-with-dsym";
				ENABLE_NS_ASSERTIONS = NO;
				ENABLE_STRICT_OBJC_MSGSEND = YES;
				ENABLE_USER_SCRIPT_SANDBOXING = YES;
				GCC_C_LANGUAGE_STANDARD = gnu17;
				GCC_NO_COMMON_BLOCKS = YES;
				GCC_WARN_64_TO_32_BIT_CONVERSION = YES;
				GCC_WARN_ABOUT_RETURN_TYPE = YES_ERROR;
				GCC_WARN_UNDECLARED_SELECTOR = YES;
				GCC_WARN_UNINITIALIZED_AUTOS = YES_AGGRESSIVE;
				GCC_WARN_UNUSED_FUNCTION = YES;
				GCC_WARN_UNUSED_VARIABLE = YES;
				IPHONEOS_DEPLOYMENT_TARGET = 17.5;
				LOCALIZATION_PREFERS_STRING_CATALOGS = YES;
				MTL_ENABLE_DEBUG_INFO = NO;
				MTL_FAST_MATH = YES;
				SDKROOT = iphoneos;
				SWIFT_COMPILATION_MODE = wholemodule;
				VALIDATE_PRODUCT = YES;
			};
			name = Release;
		};
		13A73EE02CA6025700E00D03 /* Debug */ = {
			isa = XCBuildConfiguration;
			buildSettings = {
				ASSETCATALOG_COMPILER_APPICON_NAME = AppIcon;
				ASSETCATALOG_COMPILER_GLOBAL_ACCENT_COLOR_NAME = AccentColor;
				CODE_SIGN_STYLE = Automatic;
				CURRENT_PROJECT_VERSION = 1;
				DEVELOPMENT_TEAM = Q786ZB8JHF;
				GENERATE_INFOPLIST_FILE = YES;
				INFOPLIST_FILE = banquemisr.challenge05/Info.plist;
				INFOPLIST_KEY_UIApplicationSupportsIndirectInputEvents = YES;
				INFOPLIST_KEY_UILaunchStoryboardName = LaunchScreen;
				INFOPLIST_KEY_UIMainStoryboardFile = Main;
				INFOPLIST_KEY_UISupportedInterfaceOrientations_iPad = "UIInterfaceOrientationPortrait UIInterfaceOrientationPortraitUpsideDown UIInterfaceOrientationLandscapeLeft UIInterfaceOrientationLandscapeRight";
				INFOPLIST_KEY_UISupportedInterfaceOrientations_iPhone = "UIInterfaceOrientationPortrait UIInterfaceOrientationLandscapeLeft UIInterfaceOrientationLandscapeRight";
				LD_RUNPATH_SEARCH_PATHS = (
					"$(inherited)",
					"@executable_path/Frameworks",
				);
				MARKETING_VERSION = 1.0;
				PRODUCT_BUNDLE_IDENTIFIER = "task.banquemisr-challenge05";
				PRODUCT_NAME = "$(TARGET_NAME)";
				SWIFT_EMIT_LOC_STRINGS = YES;
				SWIFT_VERSION = 5.0;
				TARGETED_DEVICE_FAMILY = "1,2";
			};
			name = Debug;
		};
		13A73EE12CA6025700E00D03 /* Release */ = {
			isa = XCBuildConfiguration;
			buildSettings = {
				ASSETCATALOG_COMPILER_APPICON_NAME = AppIcon;
				ASSETCATALOG_COMPILER_GLOBAL_ACCENT_COLOR_NAME = AccentColor;
				CODE_SIGN_STYLE = Automatic;
				CURRENT_PROJECT_VERSION = 1;
				DEVELOPMENT_TEAM = Q786ZB8JHF;
				GENERATE_INFOPLIST_FILE = YES;
				INFOPLIST_FILE = banquemisr.challenge05/Info.plist;
				INFOPLIST_KEY_UIApplicationSupportsIndirectInputEvents = YES;
				INFOPLIST_KEY_UILaunchStoryboardName = LaunchScreen;
				INFOPLIST_KEY_UIMainStoryboardFile = Main;
				INFOPLIST_KEY_UISupportedInterfaceOrientations_iPad = "UIInterfaceOrientationPortrait UIInterfaceOrientationPortraitUpsideDown UIInterfaceOrientationLandscapeLeft UIInterfaceOrientationLandscapeRight";
				INFOPLIST_KEY_UISupportedInterfaceOrientations_iPhone = "UIInterfaceOrientationPortrait UIInterfaceOrientationLandscapeLeft UIInterfaceOrientationLandscapeRight";
				LD_RUNPATH_SEARCH_PATHS = (
					"$(inherited)",
					"@executable_path/Frameworks",
				);
				MARKETING_VERSION = 1.0;
				PRODUCT_BUNDLE_IDENTIFIER = "task.banquemisr-challenge05";
				PRODUCT_NAME = "$(TARGET_NAME)";
				SWIFT_EMIT_LOC_STRINGS = YES;
				SWIFT_VERSION = 5.0;
				TARGETED_DEVICE_FAMILY = "1,2";
			};
			name = Release;
		};
		13A73EE32CA6025700E00D03 /* Debug */ = {
			isa = XCBuildConfiguration;
			buildSettings = {
				ALWAYS_EMBED_SWIFT_STANDARD_LIBRARIES = YES;
				BUNDLE_LOADER = "$(TEST_HOST)";
				CODE_SIGN_STYLE = Automatic;
				CURRENT_PROJECT_VERSION = 1;
				DEVELOPMENT_TEAM = Q786ZB8JHF;
				GENERATE_INFOPLIST_FILE = YES;
				IPHONEOS_DEPLOYMENT_TARGET = 17.5;
				MARKETING_VERSION = 1.0;
				PRODUCT_BUNDLE_IDENTIFIER = "task.banquemisr-challenge05Tests";
				PRODUCT_NAME = "$(TARGET_NAME)";
				SWIFT_EMIT_LOC_STRINGS = NO;
				SWIFT_VERSION = 5.0;
				TARGETED_DEVICE_FAMILY = "1,2";
				TEST_HOST = "$(BUILT_PRODUCTS_DIR)/banquemisr.challenge05.app/$(BUNDLE_EXECUTABLE_FOLDER_PATH)/banquemisr.challenge05";
			};
			name = Debug;
		};
		13A73EE42CA6025700E00D03 /* Release */ = {
			isa = XCBuildConfiguration;
			buildSettings = {
				ALWAYS_EMBED_SWIFT_STANDARD_LIBRARIES = YES;
				BUNDLE_LOADER = "$(TEST_HOST)";
				CODE_SIGN_STYLE = Automatic;
				CURRENT_PROJECT_VERSION = 1;
				DEVELOPMENT_TEAM = Q786ZB8JHF;
				GENERATE_INFOPLIST_FILE = YES;
				IPHONEOS_DEPLOYMENT_TARGET = 17.5;
				MARKETING_VERSION = 1.0;
				PRODUCT_BUNDLE_IDENTIFIER = "task.banquemisr-challenge05Tests";
				PRODUCT_NAME = "$(TARGET_NAME)";
				SWIFT_EMIT_LOC_STRINGS = NO;
				SWIFT_VERSION = 5.0;
				TARGETED_DEVICE_FAMILY = "1,2";
				TEST_HOST = "$(BUILT_PRODUCTS_DIR)/banquemisr.challenge05.app/$(BUNDLE_EXECUTABLE_FOLDER_PATH)/banquemisr.challenge05";
			};
			name = Release;
		};
		13A73EE62CA6025700E00D03 /* Debug */ = {
			isa = XCBuildConfiguration;
			buildSettings = {
				ALWAYS_EMBED_SWIFT_STANDARD_LIBRARIES = YES;
				CODE_SIGN_STYLE = Automatic;
				CURRENT_PROJECT_VERSION = 1;
				DEVELOPMENT_TEAM = Q786ZB8JHF;
				GENERATE_INFOPLIST_FILE = YES;
				MARKETING_VERSION = 1.0;
				PRODUCT_BUNDLE_IDENTIFIER = "task.banquemisr-challenge05UITests";
				PRODUCT_NAME = "$(TARGET_NAME)";
				SWIFT_EMIT_LOC_STRINGS = NO;
				SWIFT_VERSION = 5.0;
				TARGETED_DEVICE_FAMILY = "1,2";
				TEST_TARGET_NAME = banquemisr.challenge05;
			};
			name = Debug;
		};
		13A73EE72CA6025700E00D03 /* Release */ = {
			isa = XCBuildConfiguration;
			buildSettings = {
				ALWAYS_EMBED_SWIFT_STANDARD_LIBRARIES = YES;
				CODE_SIGN_STYLE = Automatic;
				CURRENT_PROJECT_VERSION = 1;
				DEVELOPMENT_TEAM = Q786ZB8JHF;
				GENERATE_INFOPLIST_FILE = YES;
				MARKETING_VERSION = 1.0;
				PRODUCT_BUNDLE_IDENTIFIER = "task.banquemisr-challenge05UITests";
				PRODUCT_NAME = "$(TARGET_NAME)";
				SWIFT_EMIT_LOC_STRINGS = NO;
				SWIFT_VERSION = 5.0;
				TARGETED_DEVICE_FAMILY = "1,2";
				TEST_TARGET_NAME = banquemisr.challenge05;
			};
			name = Release;
		};
/* End XCBuildConfiguration section */

/* Begin XCConfigurationList section */
		13A73EAD2CA6025400E00D03 /* Build configuration list for PBXProject "banquemisr.challenge05" */ = {
			isa = XCConfigurationList;
			buildConfigurations = (
				13A73EDD2CA6025700E00D03 /* Debug */,
				13A73EDE2CA6025700E00D03 /* Release */,
			);
			defaultConfigurationIsVisible = 0;
			defaultConfigurationName = Release;
		};
		13A73EDF2CA6025700E00D03 /* Build configuration list for PBXNativeTarget "banquemisr.challenge05" */ = {
			isa = XCConfigurationList;
			buildConfigurations = (
				13A73EE02CA6025700E00D03 /* Debug */,
				13A73EE12CA6025700E00D03 /* Release */,
			);
			defaultConfigurationIsVisible = 0;
			defaultConfigurationName = Release;
		};
		13A73EE22CA6025700E00D03 /* Build configuration list for PBXNativeTarget "banquemisr.challenge05Tests" */ = {
			isa = XCConfigurationList;
			buildConfigurations = (
				13A73EE32CA6025700E00D03 /* Debug */,
				13A73EE42CA6025700E00D03 /* Release */,
			);
			defaultConfigurationIsVisible = 0;
			defaultConfigurationName = Release;
		};
		13A73EE52CA6025700E00D03 /* Build configuration list for PBXNativeTarget "banquemisr.challenge05UITests" */ = {
			isa = XCConfigurationList;
			buildConfigurations = (
				13A73EE62CA6025700E00D03 /* Debug */,
				13A73EE72CA6025700E00D03 /* Release */,
			);
			defaultConfigurationIsVisible = 0;
			defaultConfigurationName = Release;
		};
/* End XCConfigurationList section */

/* Begin XCVersionGroup section */
		13A73EBE2CA6025400E00D03 /* banquemisr_challenge05.xcdatamodeld */ = {
			isa = XCVersionGroup;
			children = (
				13A73EBF2CA6025400E00D03 /* banquemisr_challenge05.xcdatamodel */,
			);
			currentVersion = 13A73EBF2CA6025400E00D03 /* banquemisr_challenge05.xcdatamodel */;
			path = banquemisr_challenge05.xcdatamodeld;
			sourceTree = "<group>";
			versionGroupType = wrapper.xcdatamodel;
		};
/* End XCVersionGroup section */
	};
	rootObject = 13A73EAA2CA6025400E00D03 /* Project object */;
}
